{
  "lockfileVersion": 1,
  "configVersion": 1,
  "workspaces": {
    "": {
      "name": "@eusend_dev/better-auth",
      "dependencies": {
        "@eusend_dev/sdk": "^0.18.0",
      },
      "devDependencies": {
        "@types/bun": "^1.4.2",
        "@types/node": "^26.5.0",
        "better-auth": "^1.6.23",
        "tsdown": "^0.22.14",
        "typescript": "^5.9.3",
      },
      "peerDependencies": {
        "better-auth": ">=1.6.0",
      },
    },
  },
  "packages": {
    "@better-auth/core": ["@better-auth/core@1.7.6", "", { "dependencies": { "@opentelemetry/semantic-conventions": "^1.41.1", "@standard-schema/spec": "^1.1.0", "zod": "^4.5.4" }, "peerDependencies": { "@better-auth/utils": "0.4.2", "@better-fetch/fetch": "1.3.2", "@opentelemetry/api": "^1.9.0", "better-call": "1.4.0", "jose": "^6.1.0", "kysely": "^0.28.5 || ^0.29.0", "nanostores": "^1.0.1" }, "optionalPeers": ["@opentelemetry/api"] }, "sha512-yBDDO0J4VCHT1qEZtzj6aMexX4etyLesitoxehcWHzPrzYqrFHwe/hgskye+imlGhQVOysuljMg8M8BA6GrtIg=="],

    "@better-auth/drizzle-adapter": ["@better-auth/drizzle-adapter@1.7.6", "", { "peerDependencies": { "@better-auth/core": "^1.7.6", "@better-auth/utils": "0.4.2", "drizzle-orm": "^0.45.2 || >=1.0.0-rc.1 <2.0.0" }, "optionalPeers": ["drizzle-orm"] }, "sha512-ENlhwC7kkTjquuiel3Efggik0hC4vtD7ppJ8FhsiHhRJA8K6RT4hbhzkfm6keNvjdnAeWwCejm7FmMO4GoSGpA=="],

    "@better-auth/kysely-adapter": ["@better-auth/kysely-adapter@1.7.6", "", { "peerDependencies": { "@better-auth/core": "^1.7.6", "@better-auth/utils": "0.4.2", "kysely": "^0.28.17 || ^0.29.0" }, "optionalPeers": ["kysely"] }, "sha512-BV+DX2/z/6ozNC9DYSge78wjLerq6Bxd/lSPjzzuq9eEutkQDAJTuiaETzgGYqNV5LlEWi8TZFAQTEq/wavOEQ=="],

    "@better-auth/memory-adapter": ["@better-auth/memory-adapter@1.7.6", "", { "peerDependencies": { "@better-auth/core": "^1.7.6", "@better-auth/utils": "0.4.2" } }, "sha512-ng1xv8k2JsEIjnqzJzdoVOQrnoCLRuk4EiQL9yYAThyg6zYzV00LynlhH+O9OMUZ+yGVpGqGZmr5xcTiUSV2uA=="],

    "@better-auth/mongo-adapter": ["@better-auth/mongo-adapter@1.7.6", "", { "peerDependencies": { "@better-auth/core": "^1.7.6", "@better-auth/utils": "0.4.2", "mongodb": "^6.0.0 || ^7.0.0" }, "optionalPeers": ["mongodb"] }, "sha512-GvBwZli8i4XINMAj9tlW7eV9E8Dr+JWqavXjUs2o81GZt/Vh8wiX+31KK1jQ4iOuejfjpLoXcoFtlIPgf/pVog=="],

    "@better-auth/prisma-adapter": ["@better-auth/prisma-adapter@1.7.6", "", { "peerDependencies": { "@better-auth/core": "^1.7.6", "@better-auth/utils": "0.4.2", "@prisma/client": "^5.0.0 || ^6.0.0 || ^7.0.0", "prisma": "^5.0.0 || ^6.0.0 || ^7.0.0" }, "optionalPeers": ["@prisma/client", "prisma"] }, "sha512-31rz2OXIx2Q1L4Jhd5F71dafIWqder/Bo6vJ+eCgO5iZ0gvnv7fUmM95DvbVUoPC69XYpcIM/6PJmQ3M6RydWg=="],

    "@better-auth/telemetry": ["@better-auth/telemetry@1.7.6", "", { "peerDependencies": { "@better-auth/core": "^1.7.6", "@better-auth/utils": "0.4.2", "@better-fetch/fetch": "1.3.2" } }, "sha512-xgRwPja2wTJtcu+OQZR2IiNpAmviddnW3n5Do5umXRugJFW3v9KlSmYjYm580mVsPnU4upvZkvSRl9v8DgSDtA=="],

    "@better-auth/utils": ["@better-auth/utils@0.4.2", "", { "dependencies": { "@noble/hashes": "^2.0.1" } }, "sha512-AUxrvu+HaaODsUyzDxFgwd/8RZ1yZaYo42LXKSrU2oGgR38pS1ij8nqQKNgtTWoYGpNevNXtCfgTy6loHveW9A=="],

    "@better-fetch/fetch": ["@better-fetch/fetch@1.3.2", "", {}, "sha512-Gs7n99b5tqUC6cQAPbV0uED3IraHB6xQbHLQ/C3l7ZFafHScOx9pQ+DYmP5blbLFShVWLqxNUlI9wi4xU/X+ow=="],

    "@eusend_dev/sdk": ["@eusend_dev/sdk@0.18.0", "", { "peerDependencies": { "@react-email/render": ">=1.0.0", "react": ">=18.0.0" }, "optionalPeers": ["@react-email/render", "react"] }, "sha512-Z7R9ap/Oso3xryceGdn8P7hpdjijJs0/xFKOqKynw5/dQlawRxo6AxZ87flIOrNH67RNJ4bcV8Wpf3XDR3IhEg=="],

    "@noble/ciphers": ["@noble/ciphers@2.4.0", "", {}, "sha512-AnjFn0Jv92laAkvMrghlFZq4qQCIN/4DxFV/eooqtC2YTjB7kBeLMS2T9KJX4Dn+ZVXLOwK0lSgqDtx9gvxtiw=="],

    "@noble/hashes": ["@noble/hashes@2.4.0", "", {}, "sha512-X5XaVWZIBCT7HHZGm5I7ZQXDwLG+bGXuSrMQAW+7Zvl87h1kmc1ZB1VSRJcpUfoUrGQp4Fkoxm5kZ+Ms+aW+eA=="],

    "@opentelemetry/semantic-conventions": ["@opentelemetry/semantic-conventions@1.43.0", "", {}, "sha512-eSYWTm620tTk45EKSedaUL8MFYI8hW164hIXsgIHyxu3VobUB3fFCu5t0hQby6OoWRPsG1KkKUG2M5UadiLiVg=="],

    "@oxc-project/types": ["@oxc-project/types@0.151.0", "", {}, "sha512-J1yXrIlNDZVzE3ada310xeAw7nH8yCAyLPuUIsjKatFPmfn5bS1oW+cM+QsGOtVWd5nhSpbwZWx/rue+r5Z+PA=="],

    "@quansync/fs": ["@quansync/fs@1.1.0", "", { "dependencies": { "quansync": "^1.0.0" } }, "sha512-qAPG/t3HqML1TlN7sY/pTbEjzFVAKsMjNNMGheyDosro+kT4iw2KCUoHcVdmliwWjorm4elZbgNQyU2eD97eDg=="],

    "@rolldown/binding-android-arm-eabi": ["@rolldown/binding-android-arm-eabi@1.2.11", "", { "os": "android", "cpu": "arm" }, "sha512-A5kXfGKvKWWZE0TtPrfsvT+q4Y5d1QG8gGUzpYjGydM+fARM9MuX90PrXYXe0XbsDVgyxxNzHo6giCj90bsFNw=="],

    "@rolldown/binding-android-arm64": ["@rolldown/binding-android-arm64@1.2.11", "", { "os": "android", "cpu": "arm64" }, "sha512-z6cTycz+iJ4PVkuL4HHW4DfTfoeU/2nqYYuSOrTmH7yHK5Y0LCOnA03V4ZNxavyVaU1oOqUgIg2klN/s+USGOA=="],

    "@rolldown/binding-darwin-arm64": ["@rolldown/binding-darwin-arm64@1.2.11", "", { "os": "darwin", "cpu": "arm64" }, "sha512-jShvqNtP6vDC6/A5JOAzbVV+DkgHqhl/ScVCJEbt+TUY6QYz7YnXcrg3sLtFBniro0f/Ld50ZwCWA6f7KYD1nQ=="],

    "@rolldown/binding-darwin-x64": ["@rolldown/binding-darwin-x64@1.2.11", "", { "os": "darwin", "cpu": "x64" }, "sha512-f2i2xiNWq1Z1l2++q2fuhZRdLAT3aqxD6vRNm1RAxpUoBcdqNB3C0s1Bt+K+PbEx2F5F4gQp6hqKkphCY/xF9w=="],

    "@rolldown/binding-freebsd-x64": ["@rolldown/binding-freebsd-x64@1.2.11", "", { "os": "freebsd", "cpu": "x64" }, "sha512-4Ir5FSOKIAMr4r0kExpt1s3bMgzJU3rA45AYOHtQpls0oNeqcYBKrWMlckrYH4KCfGLfkfn1tN1dmZPMVsdXow=="],

    "@rolldown/binding-linux-arm-gnueabihf": ["@rolldown/binding-linux-arm-gnueabihf@1.2.11", "", { "os": "linux", "cpu": "arm" }, "sha512-/gnRDM+39BROzAN/k1OZjDPnDMcZxB/0EUxKjONO5yVkNEvlsoMDrxGNKgZi/ttFriS2gwlDNzB65pvNbFOXIQ=="],

    "@rolldown/binding-linux-arm64-gnu": ["@rolldown/binding-linux-arm64-gnu@1.2.11", "", { "os": "linux", "cpu": "arm64" }, "sha512-PFaK8HwvAHbaKbBcDNQihjMKYvFnA5hiENx/l5tphTDz1E0WFp32l0A7aq7lyUwGsRw/xSrNIy/gIK4thrSCrw=="],

    "@rolldown/binding-linux-arm64-musl": ["@rolldown/binding-linux-arm64-musl@1.2.11", "", { "os": "linux", "cpu": "arm64" }, "sha512-AskzJUIKRLPxkruR1wLKewGbOw+EYfU/9lOrBFj4AFrEA8hPpKFnODWNu2WLaNs0QNkEb9QIJufmVZZIL/bJlg=="],

    "@rolldown/binding-linux-ppc64-gnu": ["@rolldown/binding-linux-ppc64-gnu@1.2.11", "", { "os": "linux", "cpu": "ppc64" }, "sha512-qlUGAheh2yh8afH7QBgx0PrRHN85hKnNd78x8MeMhXivuevgd8vgf6/CstOzmNKY/lLTHvNTrPy98cLnAugzJw=="],

    "@rolldown/binding-linux-s390x-gnu": ["@rolldown/binding-linux-s390x-gnu@1.2.11", "", { "os": "linux", "cpu": "s390x" }, "sha512-secpEad+0vCbSfn8upFySkDskv+bGPk3THSDS9Y89yc4rb4kzqHp8Dmyd9BkQW4SnhNXBZCl/6CrO//hZahNJQ=="],

    "@rolldown/binding-linux-x64-gnu": ["@rolldown/binding-linux-x64-gnu@1.2.11", "", { "os": "linux", "cpu": "x64" }, "sha512-mOVBT3dPpkWm8XBWPmU4bf+U6dYDLeMo/9ojUmis4N0L5uu10qra5vOyngZ7/PSdoE4G9KvRt4bloRxNjLas7A=="],

    "@rolldown/binding-linux-x64-musl": ["@rolldown/binding-linux-x64-musl@1.2.11", "", { "os": "linux", "cpu": "x64" }, "sha512-Is78i9A8Ui4SqcxUwFJ9uMmjDn58IbVTjFWYdQestFEgeuEmHMLGNriXnVJKkwG2YiZjw8cP0zCTyDMdDGtOOg=="],

    "@rolldown/binding-openharmony-arm64": ["@rolldown/binding-openharmony-arm64@1.2.11", "", { "os": "none", "cpu": "arm64" }, "sha512-dUCXneZ87INUMyQ0D+C0HrEBNUPNXHaPmU5GTjyKTJEiussw9Kaj5Ln8UztPe4epV/ffvgNBEadksdYhmW6xJA=="],

    "@rolldown/binding-win32-arm64-msvc": ["@rolldown/binding-win32-arm64-msvc@1.2.11", "", { "os": "win32", "cpu": "arm64" }, "sha512-jByxb6qfd+bH1xUd0qnfFnb17i9sWBPY2tOavJ0l3tdr3OTu+Kvtm8cd/JV5nFt657b1VqGltxg9olOEfofXWw=="],

    "@rolldown/binding-win32-x64-msvc": ["@rolldown/binding-win32-x64-msvc@1.2.11", "", { "os": "win32", "cpu": "x64" }, "sha512-/PzKqzAJ03i19oy2ItPvyvaVjOjBCNnfaJs8yvUdGBKmiESgnrJSQ2awd81QzFbbnAmu7YO9ZnJrDCb9VSJPRA=="],

    "@rolldown/pluginutils": ["@rolldown/pluginutils@1.0.1", "", {}, "sha512-2j9bGt5Jh8hj+vPtgzPtl72j0yRxHAyumoo6TNfAjsLB04UtpSvPbPcDcBMxz7n+9CYB0c1GxQFxYRg2jimqGw=="],

    "@standard-schema/spec": ["@standard-schema/spec@1.1.0", "", {}, "sha512-l2aFy5jALhniG5HgqrD6jXLi/rUWrKvqN/qJx6yoJsgKhblVd+iqqU4RCXavm/jPityDo5TCvKMnpjKnOriy0w=="],

    "@types/bun": ["@types/bun@1.4.2", "", { "dependencies": { "bun-types": "1.4.2" } }, "sha512-GimotNn7+ZV0uVArItBbriZsR1oNf0+WTzPkdcFrzShI7k2norL0uzEaJT8T33dWr7O/c9ZDuAFQrctKCi72oQ=="],

    "@types/node": ["@types/node@26.6.3", "", { "dependencies": { "undici-types": "~8.9.0" } }, "sha512-dsqMQQoeTLqu9wynDD00q573mNzso3IdQOAfHRJqLCcmCFPoGo9A1bDpUcv/9tnKpErQWv9uKeGfl37EIS02Yg=="],

    "@yuku-codegen/binding-android-arm64": ["@yuku-codegen/binding-android-arm64@0.8.7", "", { "os": "android", "cpu": "arm64" }, "sha512-C/0zV5IhgVdYhGJTwrY0v8dknxlhiKwtVJkMUaexu9/QvRmzlV4vfU3hZlUSgqc2BxQHntL1mCVbDq8j0FRFDw=="],

    "@yuku-codegen/binding-darwin-arm64": ["@yuku-codegen/binding-darwin-arm64@0.8.7", "", { "os": "darwin", "cpu": "arm64" }, "sha512-/u+REDMI4a0/lsJXTM4c53/w31OGZLOReZIyg62uhgLs0kc8NHsj/nOcxTdlQjq5gi0zhdkccD9LaLTXcdzPvw=="],

    "@yuku-codegen/binding-darwin-x64": ["@yuku-codegen/binding-darwin-x64@0.8.7", "", { "os": "darwin", "cpu": "x64" }, "sha512-sMMzFOwCo4WXR+/6zIBThOocSC50iIIZZdfiIDbaLvj0Ax/rWt/iavyfEAqajyvzydLyCqR/ZItdLWSRlu1umw=="],

    "@yuku-codegen/binding-freebsd-x64": ["@yuku-codegen/binding-freebsd-x64@0.8.7", "", { "os": "freebsd", "cpu": "x64" }, "sha512-MpdpKXix9P+Y1rKgjvcNeNtGjXeL1CmttNhYINrWls8kRpm4xM/oBGTmn6w7to8lAlwj5jm8q03dQPl5mRv4Qw=="],

    "@yuku-codegen/binding-linux-arm-gnu": ["@yuku-codegen/binding-linux-arm-gnu@0.8.7", "", { "os": "linux", "cpu": "arm" }, "sha512-rr1srFLlPAmC1vtxfc9C1YLDe3iH09YjfSeeIidBqKhzx1MATjOAq4mjlRUOnhr/L27MotWIYOFKwVsd5JZFOg=="],

    "@yuku-codegen/binding-linux-arm-musl": ["@yuku-codegen/binding-linux-arm-musl@0.8.7", "", { "os": "linux", "cpu": "arm" }, "sha512-eAufXh8qBRpiSO6ueaMDL+yyoXIGLhpUce72YbcACtZU2qhExwBIJyEtQf5kH2Ki0X2aqkSjSfog4OPtKXan3Q=="],

    "@yuku-codegen/binding-linux-arm64-gnu": ["@yuku-codegen/binding-linux-arm64-gnu@0.8.7", "", { "os": "linux", "cpu": "arm64" }, "sha512-gw4w6wPoHObBrdIC4duVWLmJOvpdE25j5D7yrM5mACNlK4klRz/lv8hK+ssQk9EJHBgZjSaqZIJVFgqNYbfv7A=="],

    "@yuku-codegen/binding-linux-arm64-musl": ["@yuku-codegen/binding-linux-arm64-musl@0.8.7", "", { "os": "linux", "cpu": "arm64" }, "sha512-L68N6Y4XkqcIaKo3Ra88JEvBEH4AHff44A4INcrxeVWZ8CZtu2tCpfVxe3hR8qQQMcvBSQlDn24KpkCKEhVvfA=="],

    "@yuku-codegen/binding-linux-x64-gnu": ["@yuku-codegen/binding-linux-x64-gnu@0.8.7", "", { "os": "linux", "cpu": "x64" }, "sha512-dzyAbltJmf3Cqlb8HcFuYIf5Yn0fl1vTr3XJ9HiVNNvOlhqPSArOqtw9vI1p6/VTXTjrMLXlU+s+/kNHiIy/Cw=="],

    "@yuku-codegen/binding-linux-x64-musl": ["@yuku-codegen/binding-linux-x64-musl@0.8.7", "", { "os": "linux", "cpu": "x64" }, "sha512-Otw4MH3404q0Bbvl+YTdW9aoUV5vXmUw8260bWvt1XlaoIX/ceSgI4ygheRDMfBPoHt6FDayQaO9OLVUZAgkFA=="],

    "@yuku-codegen/binding-win32-arm64": ["@yuku-codegen/binding-win32-arm64@0.8.7", "", { "os": "win32", "cpu": "arm64" }, "sha512-qo/jyrzryiBuKEsFiuWaBCBe3tRMynQ0qFWFgOEjcCMQeZfBm+wKiVEUEFXXLc7bh8YezguAWp0Mtnhq4ARNyA=="],

    "@yuku-codegen/binding-win32-x64": ["@yuku-codegen/binding-win32-x64@0.8.7", "", { "os": "win32", "cpu": "x64" }, "sha512-D5lDsVDx6m00E6bWySlWdH72Ca4TPSaphDqB6QjU6MpuNLIJqoGoatYyq2rOmBE8Zv/kunot/o58KGL03P3eiA=="],

    "@yuku-parser/binding-android-arm64": ["@yuku-parser/binding-android-arm64@0.8.7", "", { "os": "android", "cpu": "arm64" }, "sha512-eGKYiUDX7Y0V7tDTmg+JTVnXnjMqfXXsorZ+EDf5kxwchQ3Or1HS14MzI2fw+jFhHR85fCWt+mtX33Yao73hIQ=="],

    "@yuku-parser/binding-darwin-arm64": ["@yuku-parser/binding-darwin-arm64@0.8.7", "", { "os": "darwin", "cpu": "arm64" }, "sha512-Re0RHelKLnjEURulY2/KxW+Ngb8zuNA4BRZuMwgGQNzVumT6u4U2N2hc01oeYVNVof0i7GrXE4UCNBgbpRRnjQ=="],

    "@yuku-parser/binding-darwin-x64": ["@yuku-parser/binding-darwin-x64@0.8.7", "", { "os": "darwin", "cpu": "x64" }, "sha512-Hn8DROtQkjlA1ACbPgj4a7eP9IuVOI504oiTwpkWPbpaDWD9KdmnVYCqW+1LfenNK/g7O9NhWGpXEdaCNX7lIA=="],

    "@yuku-parser/binding-freebsd-x64": ["@yuku-parser/binding-freebsd-x64@0.8.7", "", { "os": "freebsd", "cpu": "x64" }, "sha512-bAP2OV8wRuzplX/jYxv9+vvqQT8JxyNphI8fLfXGL054Xs+4/J5u33cIm3y4rxY8rdoLmmdiJs2Tq7r7lrDRfA=="],

    "@yuku-parser/binding-linux-arm-gnu": ["@yuku-parser/binding-linux-arm-gnu@0.8.7", "", { "os": "linux", "cpu": "arm" }, "sha512-kTYwJQQgmZeAWdDIWabiReIZMpmfLueIj1tCmjStUtFGhR1Z0qwxonKVfUC4N7h/VhGGzLZ//7O1kgt1QKqgCg=="],

    "@yuku-parser/binding-linux-arm-musl": ["@yuku-parser/binding-linux-arm-musl@0.8.7", "", { "os": "linux", "cpu": "arm" }, "sha512-uL4jE8HPT2BLlxAXyD10LqgPuXa9eDa0BKpCdSANmzIJghq/2eZo3/gQNtaxPZMupWoxjYzSad9IXrwu7aYPXQ=="],

    "@yuku-parser/binding-linux-arm64-gnu": ["@yuku-parser/binding-linux-arm64-gnu@0.8.7", "", { "os": "linux", "cpu": "arm64" }, "sha512-3gVN4pWSKZmXiNX7cU164dR9MPvesCHnlH6nPfpK+yQsCuYphjKKplcb4SnZBrhiqmXbgb2HR0c2TS0IZUPhgA=="],

    "@yuku-parser/binding-linux-arm64-musl": ["@yuku-parser/binding-linux-arm64-musl@0.8.7", "", { "os": "linux", "cpu": "arm64" }, "sha512-S0mwfEjoLpxzXeZw802Wa4RaELsQiPtWqG6INcy8j4GtvNFtl4LCX3eGO1XLn9pyLAISLzTRyU3zUCBUPin8lg=="],

    "@yuku-parser/binding-linux-x64-gnu": ["@yuku-parser/binding-linux-x64-gnu@0.8.7", "", { "os": "linux", "cpu": "x64" }, "sha512-lnbWdPmerE5D1uH1G4IEZKnPzCrWCStRGrtgpSIe1RibAo5bZIjDbbbPYXmMHCEh4F+x/JaJpElh26a3r+BPbg=="],

    "@yuku-parser/binding-linux-x64-musl": ["@yuku-parser/binding-linux-x64-musl@0.8.7", "", { "os": "linux", "cpu": "x64" }, "sha512-769uwndMvMzUvATWbAcEvyLHKA+DzhHSCl/obBUrRdYfRo26yxui6S8y3z7uJ+Naup7UKrDxrpK7OnQkxkl9KQ=="],

    "@yuku-parser/binding-win32-arm64": ["@yuku-parser/binding-win32-arm64@0.8.7", "", { "os": "win32", "cpu": "arm64" }, "sha512-mEB/9PlaAkisJ6KWGz0zvywXoU6+80dTlR2LwS7s/jcXXoU6fm2+sitBZXtqu3+Q4DcDgPxM45uWMCzPs0TSRw=="],

    "@yuku-parser/binding-win32-x64": ["@yuku-parser/binding-win32-x64@0.8.7", "", { "os": "win32", "cpu": "x64" }, "sha512-8vNB2DP0ou61nGb8tc/qfi41gfyDXz1MHr2zqL3nR+cJ6CEbiuWV/l/a/vv151gCgiZLLAyGkQGENpozdg716w=="],

    "@yuku-toolchain/types": ["@yuku-toolchain/types@0.8.7", "", {}, "sha512-2Z53dNxAJL6UvFoIrDZvYf3zlO8s4VJK4O2hhaB4mXVwwpX/7ajtss3cmfqKvamlNLWyt9FSWs4eoYdlbxpnHA=="],

    "ansis": ["ansis@4.4.0", "", {}, "sha512-9k3v7xcHwgdO/DruxGIg4HtjvlAZlcnsX/mzqUb1t3NkYnl9kK2UJ+Gq0io+vQf7iT//BD/HB/NBkUR1LWxoeA=="],

    "better-auth": ["better-auth@1.7.6", "", { "dependencies": { "@better-auth/core": "1.7.6", "@better-auth/drizzle-adapter": "1.7.6", "@better-auth/kysely-adapter": "1.7.6", "@better-auth/memory-adapter": "1.7.6", "@better-auth/mongo-adapter": "1.7.6", "@better-auth/prisma-adapter": "1.7.6", "@better-auth/telemetry": "1.7.6", "@better-auth/utils": "0.4.2", "@better-fetch/fetch": "1.3.2", "@noble/ciphers": "^2.2.0", "@noble/hashes": "^2.2.0", "better-call": "1.4.0", "defu": "^6.1.4", "jose": "^6.2.3", "kysely": "^0.28.17 || ^0.29.0", "nanostores": "^1.3.0", "zod": "^4.5.4" }, "peerDependencies": { "@lynx-js/react": "*", "@prisma/client": "^5.0.0 || ^6.0.0 || ^7.0.0", "@sveltejs/kit": "^2.0.0", "@tanstack/react-start": "^1.0.0", "@tanstack/solid-start": "^1.0.0", "drizzle-kit": ">=0.31.4 || >=1.0.0-beta.1", "drizzle-orm": "^0.45.2 || >=1.0.0-rc.1 <2.0.0", "mongodb": "^6.0.0 || ^7.0.0", "mysql2": "^3.0.0", "next": "^14.0.0 || ^15.0.0 || ^16.0.0", "pg": "^8.0.0", "prisma": "^5.0.0 || ^6.0.0 || ^7.0.0", "react": "^18.0.0 || ^19.0.0", "react-dom": "^18.0.0 || ^19.0.0", "solid-js": "^1.0.0", "svelte": "^4.0.0 || ^5.0.0", "vitest": "^2.0.0 || ^3.0.0 || ^4.0.0 || ^5.0.0", "vue": "^3.0.0" }, "optionalPeers": ["@lynx-js/react", "@prisma/client", "@sveltejs/kit", "@tanstack/react-start", "@tanstack/solid-start", "drizzle-kit", "drizzle-orm", "mongodb", "mysql2", "next", "pg", "prisma", "react", "react-dom", "solid-js", "svelte", "vitest", "vue"] }, "sha512-WTMqOpmTTj+oBoX7zzPOzL85342Upyf+/v0IkH1kvGRA85lV4JGRFIYMIRKqvjZ6ShsuL5VX/c9C13jtoZXcKA=="],

    "better-call": ["better-call@1.4.0", "", { "dependencies": { "@better-auth/utils": "^0.5.0", "@better-fetch/fetch": "^1.3.1", "rou3": "^0.9.1", "set-cookie-parser": "^3.1.2" }, "peerDependencies": { "zod": "^4.0.0" }, "optionalPeers": ["zod"] }, "sha512-bBKOT4vv1kZLDgxVePdilk/Jwkn+dtRRsmi3DzHcDP+WnswyVl6dR59l2HEeP/0cB+bDoopASAesWDPIdd/zZA=="],

    "bun-types": ["bun-types@1.4.2", "", { "dependencies": { "@types/node": "*" } }, "sha512-bxV1FgK7yBIzjRe5zBozIM4Bem11ZJcCXSrjWRG3YWLt8yFDePu4cLjpebO8OvPeIE9trbyPF4fuj3Cia4Fj3w=="],

    "cac": ["cac@7.0.0", "", {}, "sha512-tixWYgm5ZoOD+3g6UTea91eow5z6AAHaho3g0V9CNSNb45gM8SmflpAc+GRd1InC4AqN/07Unrgp56Y94N9hJQ=="],

    "defu": ["defu@6.1.7", "", {}, "sha512-7z22QmUWiQ/2d0KkdYmANbRUVABpZ9SNYyH5vx6PZ+nE5bcC0l7uFvEfHlyld/HcGBFTL536ClDt3DEcSlEJAQ=="],

    "dts-resolver": ["dts-resolver@3.0.0", "", { "peerDependencies": { "oxc-resolver": ">=11.0.0" }, "optionalPeers": ["oxc-resolver"] }, "sha512-1T1f+z+4tl9XD+m+0HBgWoL/nm0bOIffyWaUuUSBlFg/86IWvfx+wjNaO/ybU0AJzG9/Mi5hBUgGV6zCmWEN7Q=="],

    "empathic": ["empathic@2.1.0", "", {}, "sha512-AnfC1ATldl49/cvZdLPDjBfrRNwbDO05aibiOtzQu3qtlbJtomNLhF30HEtn/7iBz50dlMECqATo3fG0LrdEgw=="],

    "fdir": ["fdir@6.5.0", "", { "peerDependencies": { "picomatch": "^3 || ^4" }, "optionalPeers": ["picomatch"] }, "sha512-tIbYtZbucOs0BRGqPJkshJUYdL+SDH7dVM8gjy+ERp3WAUjLEFJE+02kanyHtwjWOnwrKYBiwAmM0p4kLJAnXg=="],

    "get-tsconfig": ["get-tsconfig@5.0.0-beta.5", "", { "dependencies": { "resolve-pkg-maps": "^1.0.0" } }, "sha512-/6gFNr0N04nob252sTQxyFLi3eKFRqIg1I87YcqAMT1i6SQrSF6KujUEQrtrjMV0H/eejTCltLdDSTEMzHbnsQ=="],

    "hookable": ["hookable@6.1.2", "", {}, "sha512-+abwxtiEA52GCVIsQqut3S/uKTbUwYIp4Pe/vv+6py5XiXBCqMZHg6pA6Y5qhgLSEys0/cYuPbO0z1QFj5ZCmg=="],

    "import-without-cache": ["import-without-cache@0.4.1", "", {}, "sha512-vXoV9PjKHEednCUu01e98TkImxy67e3BJXbTIOmIq4Hyzw3IAwYRcuPkfeTzJzwyyts4kjuA73x+pWJLc4f86A=="],

    "jose": ["jose@6.2.12", "", {}, "sha512-9NiFmJEex0sy2Dk58j2UGBSHgUs2ypF9eZSu4L6vjOX3Dp96Sw1F3uL+H+D1sx02jZZdzUT0HgvCy59CuvXcWw=="],

    "kysely": ["kysely@0.29.6", "", {}, "sha512-hHaB8C/rfzDDtr/t8YZwxAuPJTT0zHyaPoVzcXwDYhYNAgH/4sIfVhi/XLLIY+bL/FqaIJnjATDbi8ObSELmxg=="],

    "nanostores": ["nanostores@1.5.4", "", {}, "sha512-4UXY7OAJEK0Y6V3SudBU7cXjAzTDc189R78dDOh0Xbm19gpKYto6WizSg58LJf12lTsRxKSLGyE117OiLpM4DQ=="],

    "obug": ["obug@2.2.1", "", {}, "sha512-XrsrhT5sybtKI6wakr2SPOlGZWWYbUXZ7a0jT8/QOeAPau+1X/bSegNe5YR75oJmEZQbKningirmGOEJCIk61Q=="],

    "picomatch": ["picomatch@4.0.7", "", {}, "sha512-qcJu88Q2IWqJsDD529JKMdwGm/dvInW4HvQnRwiH9JtihJvzGOscDtHE3x1pBKeUOTysQ8kVmLnJ2kJu7yhcGA=="],

    "quansync": ["quansync@1.0.0", "", {}, "sha512-5xZacEEufv3HSTPQuchrvV6soaiACMFnq1H8wkVioctoH3TRha9Sz66lOxRwPK/qZj7HPiSveih9yAyh98gvqA=="],

    "resolve-pkg-maps": ["resolve-pkg-maps@1.0.0", "", {}, "sha512-seS2Tj26TBVOC2NIc2rOe2y2ZO7efxITtLZcGSOnHHNOQ7CkiUBfw0Iw2ck6xkIhPwLhKNLS8BO+hEpngQlqzw=="],

    "rolldown": ["rolldown@1.2.11", "", { "dependencies": { "@oxc-project/types": "=0.151.0", "@rolldown/pluginutils": "^1.0.0" }, "optionalDependencies": { "@rolldown/binding-android-arm-eabi": "1.2.11", "@rolldown/binding-android-arm64": "1.2.11", "@rolldown/binding-darwin-arm64": "1.2.11", "@rolldown/binding-darwin-x64": "1.2.11", "@rolldown/binding-freebsd-x64": "1.2.11", "@rolldown/binding-linux-arm-gnueabihf": "1.2.11", "@rolldown/binding-linux-arm64-gnu": "1.2.11", "@rolldown/binding-linux-arm64-musl": "1.2.11", "@rolldown/binding-linux-ppc64-gnu": "1.2.11", "@rolldown/binding-linux-s390x-gnu": "1.2.11", "@rolldown/binding-linux-x64-gnu": "1.2.11", "@rolldown/binding-linux-x64-musl": "1.2.11", "@rolldown/binding-openharmony-arm64": "1.2.11", "@rolldown/binding-win32-arm64-msvc": "1.2.11", "@rolldown/binding-win32-x64-msvc": "1.2.11" }, "bin": { "rolldown": "./bin/cli.mjs" } }, "sha512-qpSwIyz0jHQq5qXBTNxFmE6664rJ7O+4TvPFOiOaBSrz8IOHc1koKKSqTM2H6u1UG1+TveuC6vaDHKXFOvb1Kw=="],

    "rolldown-plugin-dts": ["rolldown-plugin-dts@0.27.14", "", { "dependencies": { "dts-resolver": "^3.0.0", "get-tsconfig": "5.0.0-beta.5", "obug": "^2.1.4", "yuku-ast": "^0.8.0", "yuku-codegen": "^0.8.0", "yuku-parser": "^0.8.0" }, "peerDependencies": { "@typescript/native-preview": "*", "@volar/typescript": "~2.4.0", "rolldown": "^1.0.0", "typescript": "^5.0.0 || ^6.0.0 || ~7.0.0", "vue-tsc": "~3.2.0 || ~3.3.0" }, "optionalPeers": ["@typescript/native-preview", "@volar/typescript", "typescript", "vue-tsc"] }, "sha512-ZvuDDwoIpRK9RPxDXratCpklFO9QZZWndf/sd0VBFb4LEj0jj07UcHK9OCh7V4XiFz2Z89ziyBC2K6tJiDjrbw=="],

    "rou3": ["rou3@0.9.2", "", {}, "sha512-3SOzvaAg8rkHrXtRjpCvCvbyO5to9oOO27Z/XqHEYXfMRVSw/qMIVdmaOk9W2lcRLtR6dlqTjo9hDeJk70QBYQ=="],

    "set-cookie-parser": ["set-cookie-parser@3.1.2", "", {}, "sha512-5/r/lTwbJ3zQ+qwdUFZYeRNqda7P5HD8zQKqlSjdGt1/S0cjLAphHusj4Y58ahDtWn/g32xrIS58/ikOvwl0Lw=="],

    "tinyexec": ["tinyexec@1.3.1", "", {}, "sha512-GCvB3aoys96IuDFBMcTB46JOR6mdMtAToqwiW8JlWhsoh1mhHi/xn9ss/Dg7N555GiJyEt2qzoG/NHCwM6h1EA=="],

    "tinyglobby": ["tinyglobby@0.2.17", "", { "dependencies": { "fdir": "^6.5.0", "picomatch": "^4.0.4" } }, "sha512-wXR/dYpcqKmfWpEdZjiKJOwCNFndD0DMnrW/cYjVGttEkBfVgcLFHoNrlj47mjOVic9yyNu65alsgF4NQyTa2g=="],

    "tree-kill": ["tree-kill@1.2.2", "", { "bin": { "tree-kill": "cli.js" } }, "sha512-L0Orpi8qGpRG//Nd+H90vFB+3iHnue1zSSGmNOOCh1GLJ7rUKVwV2HvijphGQS2UmhUZewS9VgvxYIdgr+fG1A=="],

    "tsdown": ["tsdown@0.22.14", "", { "dependencies": { "ansis": "^4.3.1", "cac": "^7.0.0", "defu": "^6.1.7", "empathic": "^2.0.1", "hookable": "^6.1.1", "import-without-cache": "^0.4.0", "obug": "^2.1.4", "picomatch": "^4.0.5", "rolldown": "~1.2.0", "rolldown-plugin-dts": "^0.27.13", "tinyexec": "^1.2.4", "tinyglobby": "^0.2.17", "tree-kill": "^1.2.2", "unconfig-core": "^7.5.0", "verkit": "^0.3.0" }, "peerDependencies": { "@arethetypeswrong/core": "^0.18.1", "@tsdown/css": "0.22.14", "@tsdown/exe": "0.22.14", "@vitejs/devtools": "*", "publint": "^0.3.8", "tsx": "*", "typescript": "^5.0.0 || ^6.0.0 || ^7.0.0", "unplugin-unused": "^0.5.0", "unrun": "*" }, "optionalPeers": ["@arethetypeswrong/core", "@tsdown/css", "@tsdown/exe", "@vitejs/devtools", "publint", "tsx", "typescript", "unplugin-unused", "unrun"], "bin": { "tsdown": "./dist/run.mjs" } }, "sha512-ule7Y+fsAN2iZbLDoo7C4KYljFJNJJ+fLshyn+9gozeTspVersWHxwdGB+Dm2hzA38s6muFnUTl0jK3vJm9ifQ=="],

    "typescript": ["typescript@5.9.3", "", { "bin": { "tsc": "bin/tsc", "tsserver": "bin/tsserver" } }, "sha512-jl1vZzPDinLr9eUt3J/t7V6FgNEw9QjvBPdysz9KfQDD41fQrC2Y4vKQdiaUpFT4bXlb1RHhLpp8wtm6M5TgSw=="],

    "unconfig-core": ["unconfig-core@7.5.0", "", { "dependencies": { "@quansync/fs": "^1.0.0", "quansync": "^1.0.0" } }, "sha512-Su3FauozOGP44ZmKdHy2oE6LPjk51M/TRRjHv2HNCWiDvfvCoxC2lno6jevMA91MYAdCdwP05QnWdWpSbncX/w=="],

    "undici-types": ["undici-types@8.9.0", "", {}, "sha512-KTDyRTYX8sWmKXAikPHHSyc63CRPETMctyjKFupcC6OBLXT3xsN0e9aF7m+mIXutFWpUXuedtowG7iLOzp0kQg=="],

    "verkit": ["verkit@0.3.2", "", {}, "sha512-zj/ob3UsvJGN0whEAKFp53REA5X66hvffVqoCtVQAakJKnKlH+/PcOfMoFwIG/o4rElqLv/ycAFlx8ZlXUorCg=="],

    "yuku-ast": ["yuku-ast@0.8.7", "", { "dependencies": { "@yuku-toolchain/types": "^0.8.7" } }, "sha512-h6+4bDfyootiMB9vckk5uKo5r5j0GHrkr17FQTDNfEsFT3DWlN9uu1HJwQwc64pgmLCI945fWM3lbTIqxjT3GQ=="],

    "yuku-codegen": ["yuku-codegen@0.8.7", "", { "dependencies": { "@yuku-toolchain/types": "^0.8.7" }, "optionalDependencies": { "@yuku-codegen/binding-android-arm64": "0.8.7", "@yuku-codegen/binding-darwin-arm64": "0.8.7", "@yuku-codegen/binding-darwin-x64": "0.8.7", "@yuku-codegen/binding-freebsd-x64": "0.8.7", "@yuku-codegen/binding-linux-arm-gnu": "0.8.7", "@yuku-codegen/binding-linux-arm-musl": "0.8.7", "@yuku-codegen/binding-linux-arm64-gnu": "0.8.7", "@yuku-codegen/binding-linux-arm64-musl": "0.8.7", "@yuku-codegen/binding-linux-x64-gnu": "0.8.7", "@yuku-codegen/binding-linux-x64-musl": "0.8.7", "@yuku-codegen/binding-win32-arm64": "0.8.7", "@yuku-codegen/binding-win32-x64": "0.8.7" } }, "sha512-adwDZSh8oVDzhE6Du9PwVWxcOxeV0e2EVhUuMKWfhSY4wkrDq9eqixlxFF3l/XGUV1E7UFzhpz9393MUumkyNw=="],

    "yuku-parser": ["yuku-parser@0.8.7", "", { "dependencies": { "@yuku-toolchain/types": "^0.8.7", "yuku-ast": "^0.8.7" }, "optionalDependencies": { "@yuku-parser/binding-android-arm64": "0.8.7", "@yuku-parser/binding-darwin-arm64": "0.8.7", "@yuku-parser/binding-darwin-x64": "0.8.7", "@yuku-parser/binding-freebsd-x64": "0.8.7", "@yuku-parser/binding-linux-arm-gnu": "0.8.7", "@yuku-parser/binding-linux-arm-musl": "0.8.7", "@yuku-parser/binding-linux-arm64-gnu": "0.8.7", "@yuku-parser/binding-linux-arm64-musl": "0.8.7", "@yuku-parser/binding-linux-x64-gnu": "0.8.7", "@yuku-parser/binding-linux-x64-musl": "0.8.7", "@yuku-parser/binding-win32-arm64": "0.8.7", "@yuku-parser/binding-win32-x64": "0.8.7" } }, "sha512-vRD9nwt4L3aYpxNqeSC4WqLv58xrXef0Ong1Mc45CTXTIpvLafx7JO05sczmQZwdLEZvywrLOGdNC5+Rp5N1BQ=="],

    "zod": ["zod@4.6.5", "", {}, "sha512-v5l/aFXZQeai4awLbOpSoHecE9UiMrnfx75tEXLjNonXVARxQ5mOeipTjROUchszUNCqnE+hqAMujRsRHsut2Q=="],

    "better-call/@better-auth/utils": ["@better-auth/utils@0.5.0", "", { "dependencies": { "@noble/hashes": "^2.0.1" } }, "sha512-BL8W4EfIZFwlu0r54m3v1ztjDhu6dDe/amLTm0xybmbZaNgYUqhD3SjpAsnq0q8YD6/ki4iwIgxJNLP/N3TxiA=="],
  }
}
